<?xml version="1.0" encoding="utf-8"?>
<Project ToolsVersion="4.0" xmlns="http://schemas.microsoft.com/developer/msbuild/2003">
  <ItemGroup>
    <Filter Include="Source Files">
      <UniqueIdentifier>{4FC737F1-C7A5-4376-A066-2A32D752A2FF}</UniqueIdentifier>
      <Extensions>qml;cpp;c;cc;cxx;def;odl;idl;hpj;bat;asm;asmx</Extensions>
    </Filter>
    <Filter Include="Header Files">
      <UniqueIdentifier>{93995380-89BD-4b04-88EB-625FBE52EBFB}</UniqueIdentifier>
      <Extensions>h;hh;hpp;hxx;hm;inl;inc;xsd</Extensions>
    </Filter>
    <Filter Include="Resource Files">
      <UniqueIdentifier>{67DA6AB6-F800-4c08-8B7A-83BB121AAD01}</UniqueIdentifier>
      <Extensions>qrc;rc;ico;cur;bmp;dlg;rc2;rct;bin;rgs;gif;jpg;jpeg;jpe;resx;tiff;tif;png;wav;mfcribbon-ms</Extensions>
    </Filter>
    <Filter Include="Form Files">
      <UniqueIdentifier>{99349809-55BA-4b9d-BF79-8FDBB0286EB3}</UniqueIdentifier>
      <Extensions>ui</Extensions>
    </Filter>
    <Filter Include="Translation Files">
      <UniqueIdentifier>{639EADAA-A684-42e4-A9AD-28FC9BCB8F7C}</UniqueIdentifier>
      <Extensions>ts</Extensions>
    </Filter>
  </ItemGroup>
  <ItemGroup>
    <QtRcc Include="Knittee.qrc">
      <Filter>Resource Files</Filter>
    </QtRcc>
    <QtUic Include="Knittee.ui">
      <Filter>Form Files</Filter>
    </QtUic>
    <QtMoc Include="Knittee.h">
      <Filter>Header Files</Filter>
    </QtMoc>
    <ClCompile Include="Knittee.cpp">
      <Filter>Source Files</Filter>
    </ClCompile>
    <None Include="Knittee.ico">
      <Filter>Resource Files</Filter>
    </None>
    <ResourceCompile Include="Knittee.rc">
      <Filter>Resource Files</Filter>
    </ResourceCompile>
  </ItemGroup>
  <ItemGroup>
    <ClCompile Include="main.cpp">
      <Filter>Source Files</Filter>
    </ClCompile>
    <ClCompile Include="Visualizer.cpp">
      <Filter>Source Files</Filter>
    </ClCompile>
    <ClCompile Include="ObjHandler.cpp">
      <Filter>Source Files</Filter>
    </ClCompile>
    <ClCompile Include="ObjectMesh.cpp">
      <Filter>Source Files</Filter>
    </ClCompile>
    <ClCompile Include="KnitGrapher.cpp">
      <Filter>Source Files</Filter>
    </ClCompile>
    <ClCompile Include="MeshToolBar.cpp">
      <Filter>Source Files</Filter>
    </ClCompile>
    <ClCompile Include="EmbeddedVertex.cpp">
      <Filter>Source Files</Filter>
    </ClCompile>
    <ClCompile Include="EmbeddedPlanarMap.cpp">
      <Filter>Source Files</Filter>
    </ClCompile>
    <ClCompile Include="Stitch.cpp">
      <Filter>Source Files</Filter>
    </ClCompile>
    <ClCompile Include="RowColGraph.cpp">
      <Filter>Source Files</Filter>
    </ClCompile>
    <ClCompile Include="Link.cpp">
      <Filter>Source Files</Filter>
    </ClCompile>
    <ClCompile Include="FlatPoint.cpp">
      <Filter>Source Files</Filter>
    </ClCompile>
    <ClCompile Include="LaceKnitter.cpp">
      <Filter>Source Files</Filter>
    </ClCompile>
    <ClCompile Include="KnitOutStitch.cpp">
      <Filter>Source Files</Filter>
    </ClCompile>
    <ClCompile Include="TracedStitch.cpp">
      <Filter>Source Files</Filter>
    </ClCompile>
    <ClCompile Include="KnitoutSheduler.cpp">
      <Filter>Source Files</Filter>
    </ClCompile>
    <ClCompile Include="Shape.cpp">
      <Filter>Source Files</Filter>
    </ClCompile>
    <ClCompile Include="Typeset.cpp">
      <Filter>Source Files</Filter>
    </ClCompile>
    <ClCompile Include="ScheduleCost.cpp">
      <Filter>Source Files</Filter>
    </ClCompile>
    <ClCompile Include="EmbedDAG.cpp">
      <Filter>Source Files</Filter>
    </ClCompile>
    <ClCompile Include="PlanTransfers.cpp">
      <Filter>Source Files</Filter>
    </ClCompile>
    <ClCompile Include="PlanTransfersHelpers.cpp">
      <Filter>Source Files</Filter>
    </ClCompile>
    <ClCompile Include="HelperText.cpp">
      <Filter>Source Files</Filter>
    </ClCompile>
  </ItemGroup>
  <ItemGroup>
    <ClInclude Include="ObjHandler.h">
      <Filter>Header Files</Filter>
    </ClInclude>
    <ClInclude Include="ObjectMesh.h">
      <Filter>Header Files</Filter>
    </ClInclude>
    <ClInclude Include="Face.h">
      <Filter>Header Files</Filter>
    </ClInclude>
    <ClInclude Include="EmbeddedVertex.h">
      <Filter>Header Files</Filter>
    </ClInclude>
    <ClInclude Include="EmbeddedPlanarMap.h">
      <Filter>Header Files</Filter>
    </ClInclude>
    <ClInclude Include="Stitch.h">
      <Filter>Header Files</Filter>
    </ClInclude>
    <ClInclude Include="RowColGraph.h">
      <Filter>Header Files</Filter>
    </ClInclude>
    <ClInclude Include="Link.h">
      <Filter>Header Files</Filter>
    </ClInclude>
    <ClInclude Include="FlatPoint.h">
      <Filter>Header Files</Filter>
    </ClInclude>
    <ClInclude Include="KnitOutStitch.h">
      <Filter>Header Files</Filter>
    </ClInclude>
    <ClInclude Include="TracedStitch.h">
      <Filter>Header Files</Filter>
    </ClInclude>
    <ClInclude Include="Shape.h">
      <Filter>Header Files</Filter>
    </ClInclude>
    <ClInclude Include="Typeset.h">
      <Filter>Header Files</Filter>
    </ClInclude>
    <ClInclude Include="ScheduleCost.h">
      <Filter>Header Files</Filter>
    </ClInclude>
    <ClInclude Include="EmbedDAG.h">
      <Filter>Header Files</Filter>
    </ClInclude>
    <ClInclude Include="PlanTransfers.h">
      <Filter>Header Files</Filter>
    </ClInclude>
    <ClInclude Include="PlanTransfersHelpers.h">
      <Filter>Header Files</Filter>
    </ClInclude>
    <ClInclude Include="HelperText.h">
      <Filter>Header Files</Filter>
    </ClInclude>
  </ItemGroup>
  <ItemGroup>
    <None Include="fragment_shader.glsl" />
    <None Include="geometry_shader.glsl" />
    <None Include="vertex_shader.glsl" />
    <None Include="time_vertex_shader.glsl" />
    <None Include="time_fragment_shader.glsl" />
  </ItemGroup>
  <ItemGroup>
    <QtMoc Include="MeshToolBar.h">
      <Filter>Header Files</Filter>
    </QtMoc>
    <QtMoc Include="KnitGrapher.h">
      <Filter>Header Files</Filter>
    </QtMoc>
    <QtMoc Include="LaceKnitter.h">
      <Filter>Header Files</Filter>
    </QtMoc>
    <QtMoc Include="Visualizer.h">
      <Filter>Header Files</Filter>
    </QtMoc>
    <QtMoc Include="KnitoutSheduler.h">
      <Filter>Header Files</Filter>
    </QtMoc>
  </ItemGroup>
</Project>