
Microsoft Visual Studio Solution File, Format Version 12.00
# Visual Studio Version 17
VisualStudioVersion = 17.6.33829.357
MinimumVisualStudioVersion = 10.0.40219.1
Project("{8BC9CEB8-8B4A-11D0-8D11-00A0C91BC942}") = "Knittee", "Knittee.vcxproj", "{541619C7-F69F-47AB-B6A9-01B4A1A88328}"
EndProject
Global
	GlobalSection(SolutionConfigurationPlatforms) = preSolution
		Debug|x64 = Debug|x64
		Release|x64 = Release|x64
	EndGlobalSection
	GlobalSection(ProjectConfigurationPlatforms) = postSolution
		{541619C7-F69F-47AB-B6A9-01B4A1A88328}.Debug|x64.ActiveCfg = Debug|x64
		{541619C7-F69F-47AB-B6A9-01B4A1A88328}.Debug|x64.Build.0 = Debug|x64
		{541619C7-F69F-47AB-B6A9-01B4A1A88328}.Release|x64.ActiveCfg = Release|x64
		{541619C7-F69F-47AB-B6A9-01B4A1A88328}.Release|x64.Build.0 = Release|x64
	EndGlobalSection
	GlobalSection(SolutionProperties) = preSolution
		HideSolutionNode = FALSE
	EndGlobalSection
	GlobalSection(ExtensibilityGlobals) = postSolution
		SolutionGuid = {09ED2E34-70AA-445C-9D3B-76191C82C0FA}
	EndGlobalSection
EndGlobal
