<?xml version="1.0" encoding="utf-8"?>
<Project ToolsVersion="4.0" xmlns="http://schemas.microsoft.com/developer/msbuild/2003">
  <ItemGroup>
    <Filter Include="Source Files">
      <UniqueIdentifier>{4FC737F1-C7A5-4376-A066-2A32D752A2FF}</UniqueIdentifier>
      <Extensions>qml;cpp;c;cc;cxx;def;odl;idl;hpj;bat;asm;asmx</Extensions>
    </Filter>
    <Filter Include="Header Files">
      <UniqueIdentifier>{93995380-89BD-4b04-88EB-625FBE52EBFB}</UniqueIdentifier>
      <Extensions>h;hh;hpp;hxx;hm;inl;inc;xsd</Extensions>
    </Filter>
    <Filter Include="Resource Files">
      <UniqueIdentifier>{67DA6AB6-F800-4c08-8B7A-83BB121AAD01}</UniqueIdentifier>
      <Extensions>qrc;rc;ico;cur;bmp;dlg;rc2;rct;bin;rgs;gif;jpg;jpeg;jpe;resx;tiff;tif;png;wav;mfcribbon-ms</Extensions>
    </Filter>
    <Filter Include="Form Files">
      <UniqueIdentifier>{99349809-55BA-4b9d-BF79-8FDBB0286EB3}</UniqueIdentifier>
      <Extensions>ui</Extensions>
    </Filter>
    <Filter Include="Translation Files">
      <UniqueIdentifier>{639EADAA-A684-42e4-A9AD-28FC9BCB8F7C}</UniqueIdentifier>
      <Extensions>ts</Extensions>
    </Filter>
    <Filter Include="AutoKnit Helpers">
      <UniqueIdentifier>{3767f97a-ae3a-4a03-b815-0c74584dd716}</UniqueIdentifier>
    </Filter>
    <Filter Include="GUI Related">
      <UniqueIdentifier>{28cad02e-a72e-4e8e-9edf-226f74124c19}</UniqueIdentifier>
    </Filter>
    <Filter Include="Algorithm Classes">
      <UniqueIdentifier>{3cf14f25-d2b6-4a3e-b52f-dd7808105bfe}</UniqueIdentifier>
    </Filter>
    <Filter Include="Obj Related">
      <UniqueIdentifier>{eb3663ae-4e07-4525-a007-01e79a3f435d}</UniqueIdentifier>
    </Filter>
    <Filter Include="Shaders">
      <UniqueIdentifier>{983efe7b-f19a-4745-84e6-208ef912f13a}</UniqueIdentifier>
    </Filter>
  </ItemGroup>
  <ItemGroup>
    <QtRcc Include="Knittee.qrc">
      <Filter>Resource Files</Filter>
    </QtRcc>
    <QtUic Include="Knittee.ui">
      <Filter>Form Files</Filter>
    </QtUic>
    <None Include="Knittee.ico">
      <Filter>Resource Files</Filter>
    </None>
    <ResourceCompile Include="Knittee.rc">
      <Filter>Resource Files</Filter>
    </ResourceCompile>
  </ItemGroup>
  <ItemGroup>
    <ClCompile Include="main.cpp">
      <Filter>Source Files</Filter>
    </ClCompile>
    <ClCompile Include="PlanTransfersHelpers.cpp">
      <Filter>AutoKnit Helpers</Filter>
    </ClCompile>
    <ClCompile Include="PlanTransfers.cpp">
      <Filter>AutoKnit Helpers</Filter>
    </ClCompile>
    <ClCompile Include="ScheduleCost.cpp">
      <Filter>AutoKnit Helpers</Filter>
    </ClCompile>
    <ClCompile Include="Knittee.cpp">
      <Filter>GUI Related</Filter>
    </ClCompile>
    <ClCompile Include="MeshToolBar.cpp">
      <Filter>GUI Related</Filter>
    </ClCompile>
    <ClCompile Include="SheetToolBar.cpp">
      <Filter>GUI Related</Filter>
    </ClCompile>
    <ClCompile Include="Visualizer.cpp">
      <Filter>GUI Related</Filter>
    </ClCompile>
    <ClCompile Include="ObjHandler.cpp">
      <Filter>Obj Related</Filter>
    </ClCompile>
    <ClCompile Include="ObjectMesh.cpp">
      <Filter>Obj Related</Filter>
    </ClCompile>
    <ClCompile Include="FlatPoint.cpp">
      <Filter>Algorithm Classes</Filter>
    </ClCompile>
    <ClCompile Include="KnitGrapher.cpp">
      <Filter>Algorithm Classes</Filter>
    </ClCompile>
    <ClCompile Include="KnitoutSheduler.cpp">
      <Filter>Algorithm Classes</Filter>
    </ClCompile>
    <ClCompile Include="KnitOutStitch.cpp">
      <Filter>Algorithm Classes</Filter>
    </ClCompile>
    <ClCompile Include="LaceKnitter.cpp">
      <Filter>Algorithm Classes</Filter>
    </ClCompile>
  </ItemGroup>
  <ItemGroup>
    <ClInclude Include="Link.h">
      <Filter>AutoKnit Helpers</Filter>
    </ClInclude>
    <ClInclude Include="EmbeddedPlanarMap.h">
      <Filter>AutoKnit Helpers</Filter>
    </ClInclude>
    <ClInclude Include="EmbeddedVertex.h">
      <Filter>AutoKnit Helpers</Filter>
    </ClInclude>
    <ClInclude Include="PlanTransfers.h">
      <Filter>AutoKnit Helpers</Filter>
    </ClInclude>
    <ClInclude Include="PlanTransfersHelpers.h">
      <Filter>AutoKnit Helpers</Filter>
    </ClInclude>
    <ClInclude Include="RowColGraph.h">
      <Filter>AutoKnit Helpers</Filter>
    </ClInclude>
    <ClInclude Include="ScheduleCost.h">
      <Filter>AutoKnit Helpers</Filter>
    </ClInclude>
    <ClInclude Include="Shape.h">
      <Filter>AutoKnit Helpers</Filter>
    </ClInclude>
    <ClInclude Include="Stitch.h">
      <Filter>AutoKnit Helpers</Filter>
    </ClInclude>
    <ClInclude Include="TracedStitch.h">
      <Filter>AutoKnit Helpers</Filter>
    </ClInclude>
    <ClInclude Include="Typeset.h">
      <Filter>AutoKnit Helpers</Filter>
    </ClInclude>
    <ClInclude Include="HelperText.h">
      <Filter>GUI Related</Filter>
    </ClInclude>
    <ClInclude Include="ObjectMesh.h">
      <Filter>Obj Related</Filter>
    </ClInclude>
    <ClInclude Include="ObjHandler.h">
      <Filter>Obj Related</Filter>
    </ClInclude>
    <ClInclude Include="Face.h">
      <Filter>Obj Related</Filter>
    </ClInclude>
    <ClInclude Include="FlatPoint.h">
      <Filter>Algorithm Classes</Filter>
    </ClInclude>
    <ClInclude Include="KnitOutStitch.h">
      <Filter>Algorithm Classes</Filter>
    </ClInclude>
  </ItemGroup>
  <ItemGroup>
    <None Include="fragment_shader.glsl">
      <Filter>Shaders</Filter>
    </None>
    <None Include="time_fragment_shader.glsl">
      <Filter>Shaders</Filter>
    </None>
    <None Include="time_vertex_shader.glsl">
      <Filter>Shaders</Filter>
    </None>
    <None Include="vertex_shader.glsl">
      <Filter>Shaders</Filter>
    </None>
  </ItemGroup>
  <ItemGroup>
    <QtMoc Include="Knittee.h">
      <Filter>GUI Related</Filter>
    </QtMoc>
    <QtMoc Include="MeshToolBar.h">
      <Filter>GUI Related</Filter>
    </QtMoc>
    <QtMoc Include="SheetToolBar.h">
      <Filter>GUI Related</Filter>
    </QtMoc>
    <QtMoc Include="Visualizer.h">
      <Filter>GUI Related</Filter>
    </QtMoc>
    <QtMoc Include="KnitGrapher.h">
      <Filter>Algorithm Classes</Filter>
    </QtMoc>
    <QtMoc Include="KnitoutSheduler.h">
      <Filter>Algorithm Classes</Filter>
    </QtMoc>
    <QtMoc Include="LaceKnitter.h">
      <Filter>Algorithm Classes</Filter>
    </QtMoc>
  </ItemGroup>
</Project>